
Microsoft Visual Studio Solution File, Format Version 12.00
# Visual Studio Version 17
VisualStudioVersion = 17.0.31903.59
MinimumVisualStudioVersion = 10.0.40219.1
Project("{2150E333-8FDC-42A3-9474-1A3956D46DE8}") = "Solution Items", "Solution Items", "{8DB9A977-6E29-479C-A57C-A9E4F6220E93}"
	ProjectSection(SolutionItems) = preProject
		.dockerignore = .dockerignore
		.gitignore = .gitignore
		api-endpoints.http = api-endpoints.http
		global.json = global.json
		LICENSE = LICENSE
		README.md = README.md
	EndProjectSection
EndProject
Project("{9A19103F-16F7-4668-BE54-9A1E7A4F7556}") = "Scroll.Domain", "src\Domain\Scroll.Domain.csproj", "{AB85FDB2-D441-465E-AC36-EEC77DEA88A8}"
EndProject
Project("{9A19103F-16F7-4668-BE54-9A1E7A4F7556}") = "Scroll.Common", "src\Common\Scroll.Common.csproj", "{938EB14B-044E-4E36-8D5B-32681C27AC71}"
EndProject
Project("{9A19103F-16F7-4668-BE54-9A1E7A4F7556}") = "Scroll.Data", "src\Data\Scroll.Data.csproj", "{EFF39621-A0EC-41B1-88F9-7A6654505131}"
EndProject
Project("{9A19103F-16F7-4668-BE54-9A1E7A4F7556}") = "Scroll.Core", "src\Core\Scroll.Core.csproj", "{7C616B56-370B-414A-AE80-D5C9843EB802}"
EndProject
Project("{9A19103F-16F7-4668-BE54-9A1E7A4F7556}") = "Scroll.Api", "src\Api\Scroll.Api.csproj", "{99A8C141-739C-4752-93EC-BA353B30CE48}"
EndProject
Project("{2150E333-8FDC-42A3-9474-1A3956D46DE8}") = "src", "src", "{430F6468-DD8C-4345-83CD-06DF93AD2466}"
EndProject
Project("{2150E333-8FDC-42A3-9474-1A3956D46DE8}") = "tests", "tests", "{DFB94F5F-23EB-4877-B107-7FA9C48B5BDD}"
EndProject
Project("{9A19103F-16F7-4668-BE54-9A1E7A4F7556}") = "Scroll.Tests", "tests\Scroll.Tests\Scroll.Tests.csproj", "{4190C0F1-9879-4FC3-ACAE-DDEEFDBE27B8}"
EndProject
Project("{9A19103F-16F7-4668-BE54-9A1E7A4F7556}") = "Scroll.Web.Client", "src\Web.Client\Scroll.Web.Client.csproj", "{3C2CB89C-81DC-4646-ADB8-80A0A66A37B6}"
EndProject
Project("{9A19103F-16F7-4668-BE54-9A1E7A4F7556}") = "Scroll.Web", "src\Web\Scroll.Web.csproj", "{126A45C3-04F3-40FF-BB26-401781B7B592}"
EndProject
Project("{2150E333-8FDC-42A3-9474-1A3956D46DE8}") = ".devcontainer", ".devcontainer", "{1DF4934C-BAFF-4B99-86CB-9BBA4888433B}"
	ProjectSection(SolutionItems) = preProject
		.devcontainer\.env = .devcontainer\.env
		.devcontainer\devcontainer.json = .devcontainer\devcontainer.json
		.devcontainer\docker-compose.yml = .devcontainer\docker-compose.yml
		.devcontainer\Dockerfile = .devcontainer\Dockerfile
	EndProjectSection
EndProject
Global
	GlobalSection(SolutionConfigurationPlatforms) = preSolution
		Debug|Any CPU = Debug|Any CPU
		Release|Any CPU = Release|Any CPU
	EndGlobalSection
	GlobalSection(ProjectConfigurationPlatforms) = postSolution
		{AB85FDB2-D441-465E-AC36-EEC77DEA88A8}.Debug|Any CPU.ActiveCfg = Debug|Any CPU
		{AB85FDB2-D441-465E-AC36-EEC77DEA88A8}.Debug|Any CPU.Build.0 = Debug|Any CPU
		{AB85FDB2-D441-465E-AC36-EEC77DEA88A8}.Release|Any CPU.ActiveCfg = Release|Any CPU
		{AB85FDB2-D441-465E-AC36-EEC77DEA88A8}.Release|Any CPU.Build.0 = Release|Any CPU
		{938EB14B-044E-4E36-8D5B-32681C27AC71}.Debug|Any CPU.ActiveCfg = Debug|Any CPU
		{938EB14B-044E-4E36-8D5B-32681C27AC71}.Debug|Any CPU.Build.0 = Debug|Any CPU
		{938EB14B-044E-4E36-8D5B-32681C27AC71}.Release|Any CPU.ActiveCfg = Release|Any CPU
		{938EB14B-044E-4E36-8D5B-32681C27AC71}.Release|Any CPU.Build.0 = Release|Any CPU
		{EFF39621-A0EC-41B1-88F9-7A6654505131}.Debug|Any CPU.ActiveCfg = Debug|Any CPU
		{EFF39621-A0EC-41B1-88F9-7A6654505131}.Debug|Any CPU.Build.0 = Debug|Any CPU
		{EFF39621-A0EC-41B1-88F9-7A6654505131}.Release|Any CPU.ActiveCfg = Release|Any CPU
		{EFF39621-A0EC-41B1-88F9-7A6654505131}.Release|Any CPU.Build.0 = Release|Any CPU
		{7C616B56-370B-414A-AE80-D5C9843EB802}.Debug|Any CPU.ActiveCfg = Debug|Any CPU
		{7C616B56-370B-414A-AE80-D5C9843EB802}.Debug|Any CPU.Build.0 = Debug|Any CPU
		{7C616B56-370B-414A-AE80-D5C9843EB802}.Release|Any CPU.ActiveCfg = Release|Any CPU
		{7C616B56-370B-414A-AE80-D5C9843EB802}.Release|Any CPU.Build.0 = Release|Any CPU
		{99A8C141-739C-4752-93EC-BA353B30CE48}.Debug|Any CPU.ActiveCfg = Debug|Any CPU
		{99A8C141-739C-4752-93EC-BA353B30CE48}.Debug|Any CPU.Build.0 = Debug|Any CPU
		{99A8C141-739C-4752-93EC-BA353B30CE48}.Release|Any CPU.ActiveCfg = Release|Any CPU
		{99A8C141-739C-4752-93EC-BA353B30CE48}.Release|Any CPU.Build.0 = Release|Any CPU
		{4190C0F1-9879-4FC3-ACAE-DDEEFDBE27B8}.Debug|Any CPU.ActiveCfg = Debug|Any CPU
		{4190C0F1-9879-4FC3-ACAE-DDEEFDBE27B8}.Debug|Any CPU.Build.0 = Debug|Any CPU
		{4190C0F1-9879-4FC3-ACAE-DDEEFDBE27B8}.Release|Any CPU.ActiveCfg = Release|Any CPU
		{4190C0F1-9879-4FC3-ACAE-DDEEFDBE27B8}.Release|Any CPU.Build.0 = Release|Any CPU
		{3C2CB89C-81DC-4646-ADB8-80A0A66A37B6}.Debug|Any CPU.ActiveCfg = Debug|Any CPU
		{3C2CB89C-81DC-4646-ADB8-80A0A66A37B6}.Debug|Any CPU.Build.0 = Debug|Any CPU
		{3C2CB89C-81DC-4646-ADB8-80A0A66A37B6}.Release|Any CPU.ActiveCfg = Release|Any CPU
		{3C2CB89C-81DC-4646-ADB8-80A0A66A37B6}.Release|Any CPU.Build.0 = Release|Any CPU
		{126A45C3-04F3-40FF-BB26-401781B7B592}.Debug|Any CPU.ActiveCfg = Debug|Any CPU
		{126A45C3-04F3-40FF-BB26-401781B7B592}.Debug|Any CPU.Build.0 = Debug|Any CPU
		{126A45C3-04F3-40FF-BB26-401781B7B592}.Release|Any CPU.ActiveCfg = Release|Any CPU
		{126A45C3-04F3-40FF-BB26-401781B7B592}.Release|Any CPU.Build.0 = Release|Any CPU
	EndGlobalSection
	GlobalSection(SolutionProperties) = preSolution
		HideSolutionNode = FALSE
	EndGlobalSection
	GlobalSection(NestedProjects) = preSolution
		{AB85FDB2-D441-465E-AC36-EEC77DEA88A8} = {430F6468-DD8C-4345-83CD-06DF93AD2466}
		{938EB14B-044E-4E36-8D5B-32681C27AC71} = {430F6468-DD8C-4345-83CD-06DF93AD2466}
		{EFF39621-A0EC-41B1-88F9-7A6654505131} = {430F6468-DD8C-4345-83CD-06DF93AD2466}
		{7C616B56-370B-414A-AE80-D5C9843EB802} = {430F6468-DD8C-4345-83CD-06DF93AD2466}
		{99A8C141-739C-4752-93EC-BA353B30CE48} = {430F6468-DD8C-4345-83CD-06DF93AD2466}
		{4190C0F1-9879-4FC3-ACAE-DDEEFDBE27B8} = {DFB94F5F-23EB-4877-B107-7FA9C48B5BDD}
		{3C2CB89C-81DC-4646-ADB8-80A0A66A37B6} = {430F6468-DD8C-4345-83CD-06DF93AD2466}
		{126A45C3-04F3-40FF-BB26-401781B7B592} = {430F6468-DD8C-4345-83CD-06DF93AD2466}
		{1DF4934C-BAFF-4B99-86CB-9BBA4888433B} = {8DB9A977-6E29-479C-A57C-A9E4F6220E93}
	EndGlobalSection
	GlobalSection(ExtensibilityGlobals) = postSolution
		SolutionGuid = {C39C3386-D7A7-4344-A42F-3F79F0F34160}
	EndGlobalSection
EndGlobal
